// !$*UTF8*$!
{
	archiveVersion = 1;
	classes = {
	};
	objectVersion = 55;
	objects = {

/* Begin PBXBuildFile section */
		B79C0FEF28373DA800D12A9F /* AppDelegate.swift in Sources */ = {isa = PBXBuildFile; fileRef = B79C0FEE28373DA800D12A9F /* AppDelegate.swift */; };
		B79C0FF128373DA800D12A9F /* SceneDelegate.swift in Sources */ = {isa = PBXBuildFile; fileRef = B79C0FF028373DA800D12A9F /* SceneDelegate.swift */; };
		B79C0FF328373DA800D12A9F /* ViewController.swift in Sources */ = {isa = PBXBuildFile; fileRef = B79C0FF228373DA800D12A9F /* ViewController.swift */; };
		B79C0FF628373DA800D12A9F /* Main.storyboard in Resources */ = {isa = PBXBuildFile; fileRef = B79C0FF428373DA800D12A9F /* Main.storyboard */; };
		B79C0FF828373DBC00D12A9F /* Assets.xcassets in Resources */ = {isa = PBXBuildFile; fileRef = B79C0FF728373DBC00D12A9F /* Assets.xcassets */; };
		B79C0FFB28373DBC00D12A9F /* LaunchScreen.storyboard in Resources */ = {isa = PBXBuildFile; fileRef = B79C0FF928373DBC00D12A9F /* LaunchScreen.storyboard */; };
		B79C100628373DBD00D12A9F /* A3Tests.swift in Sources */ = {isa = PBXBuildFile; fileRef = B79C100528373DBD00D12A9F /* A3Tests.swift */; };
		B79C101028373DBD00D12A9F /* A3UITests.swift in Sources */ = {isa = PBXBuildFile; fileRef = B79C100F28373DBD00D12A9F /* A3UITests.swift */; };
		B79C101228373DBD00D12A9F /* A3UITestsLaunchTests.swift in Sources */ = {isa = PBXBuildFile; fileRef = B79C101128373DBD00D12A9F /* A3UITestsLaunchTests.swift */; };
/* End PBXBuildFile section */

/* Begin PBXContainerItemProxy section */
		B79C100228373DBD00D12A9F /* PBXContainerItemProxy */ = {
			isa = PBXContainerItemProxy;
			containerPortal = B79C0FE328373DA700D12A9F /* Project object */;
			proxyType = 1;
			remoteGlobalIDString = B79C0FEA28373DA800D12A9F;
			remoteInfo = A3;
		};
		B79C100C28373DBD00D12A9F /* PBXContainerItemProxy */ = {
			isa = PBXContainerItemProxy;
			containerPortal = B79C0FE328373DA700D12A9F /* Project object */;
			proxyType = 1;
			remoteGlobalIDString = B79C0FEA28373DA800D12A9F;
			remoteInfo = A3;
		};
/* End PBXContainerItemProxy section */

/* Begin PBXFileReference section */
		B79C0FEB28373DA800D12A9F /* A3.app */ = {isa = PBXFileReference; explicitFileType = wrapper.application; includeInIndex = 0; path = A3.app; sourceTree = BUILT_PRODUCTS_DIR; };
		B79C0FEE28373DA800D12A9F /* AppDelegate.swift */ = {isa = PBXFileReference; lastKnownFileType = sourcecode.swift; path = AppDelegate.swift; sourceTree = "<group>"; };
		B79C0FF028373DA800D12A9F /* SceneDelegate.swift */ = {isa = PBXFileReference; lastKnownFileType = sourcecode.swift; path = SceneDelegate.swift; sourceTree = "<group>"; };
		B79C0FF228373DA800D12A9F /* ViewController.swift */ = {isa = PBXFileReference; lastKnownFileType = sourcecode.swift; path = ViewController.swift; sourceTree = "<group>"; };
		B79C0FF528373DA800D12A9F /* Base */ = {isa = PBXFileReference; lastKnownFileType = file.storyboard; name = Base; path = Base.lproj/Main.storyboard; sourceTree = "<group>"; };
		B79C0FF728373DBC00D12A9F /* Assets.xcassets */ = {isa = PBXFileReference; lastKnownFileType = folder.assetcatalog; path = Assets.xcassets; sourceTree = "<group>"; };
		B79C0FFA28373DBC00D12A9F /* Base */ = {isa = PBXFileReference; lastKnownFileType = file.storyboard; name = Base; path = Base.lproj/LaunchScreen.storyboard; sourceTree = "<group>"; };
		B79C0FFC28373DBC00D12A9F /* Info.plist */ = {isa = PBXFileReference; lastKnownFileType = text.plist.xml; path = Info.plist; sourceTree = "<group>"; };
		B79C100128373DBD00D12A9F /* A3Tests.xctest */ = {isa = PBXFileReference; explicitFileType = wrapper.cfbundle; includeInIndex = 0; path = A3Tests.xctest; sourceTree = BUILT_PRODUCTS_DIR; };
		B79C100528373DBD00D12A9F /* A3Tests.swift */ = {isa = PBXFileReference; lastKnownFileType = sourcecode.swift; path = A3Tests.swift; sourceTree = "<group>"; };
		B79C100B28373DBD00D12A9F /* A3UITests.xctest */ = {isa = PBXFileReference; explicitFileType = wrapper.cfbundle; includeInIndex = 0; path = A3UITests.xctest; sourceTree = BUILT_PRODUCTS_DIR; };
		B79C100F28373DBD00D12A9F /* A3UITests.swift */ = {isa = PBXFileReference; lastKnownFileType = sourcecode.swift; path = A3UITests.swift; sourceTree = "<group>"; };
		B79C101128373DBD00D12A9F /* A3UITestsLaunchTests.swift */ = {isa = PBXFileReference; lastKnownFileType = sourcecode.swift; path = A3UITestsLaunchTests.swift; sourceTree = "<group>"; };
/* End PBXFileReference section */

/* Begin PBXFrameworksBuildPhase section */
		B79C0FE828373DA800D12A9F /* Frameworks */ = {
			isa = PBXFrameworksBuildPhase;
			buildActionMask = 2147483647;
			files = (
			);
			runOnlyForDeploymentPostprocessing = 0;
		};
		B79C0FFE28373DBD00D12A9F /* Frameworks */ = {
			isa = PBXFrameworksBuildPhase;
			buildActionMask = 2147483647;
			files = (
			);
			runOnlyForDeploymentPostprocessing = 0;
		};
		B79C100828373DBD00D12A9F /* Frameworks */ = {
			isa = PBXFrameworksBuildPhase;
			buildActionMask = 2147483647;
			files = (
			);
			runOnlyForDeploymentPostprocessing = 0;
		};
/* End PBXFrameworksBuildPhase section */

/* Begin PBXGroup section */
		B79C0FE228373DA700D12A9F = {
			isa = PBXGroup;
			children = (
				B79C0FED28373DA800D12A9F /* A3 */,
				B79C100428373DBD00D12A9F /* A3Tests */,
				B79C100E28373DBD00D12A9F /* A3UITests */,
				B79C0FEC28373DA800D12A9F /* Products */,
			);
			sourceTree = "<group>";
		};
		B79C0FEC28373DA800D12A9F /* Products */ = {
			isa = PBXGroup;
			children = (
				B79C0FEB28373DA800D12A9F /* A3.app */,
				B79C100128373DBD00D12A9F /* A3Tests.xctest */,
				B79C100B28373DBD00D12A9F /* A3UITests.xctest */,
			);
			name = Products;
			sourceTree = "<group>";
		};
		B79C0FED28373DA800D12A9F /* A3 */ = {
			isa = PBXGroup;
			children = (
				B79C0FEE28373DA800D12A9F /* AppDelegate.swift */,
				B79C0FF028373DA800D12A9F /* SceneDelegate.swift */,
				B79C0FF228373DA800D12A9F /* ViewController.swift */,
				B79C0FF428373DA800D12A9F /* Main.storyboard */,
				B79C0FF728373DBC00D12A9F /* Assets.xcassets */,
				B79C0FF928373DBC00D12A9F /* LaunchScreen.storyboard */,
				B79C0FFC28373DBC00D12A9F /* Info.plist */,
			);
			path = A3;
			sourceTree = "<group>";
		};
		B79C100428373DBD00D12A9F /* A3Tests */ = {
			isa = PBXGroup;
			children = (
				B79C100528373DBD00D12A9F /* A3Tests.swift */,
			);
			path = A3Tests;
			sourceTree = "<group>";
		};
		B79C100E28373DBD00D12A9F /* A3UITests */ = {
			isa = PBXGroup;
			children = (
				B79C100F28373DBD00D12A9F /* A3UITests.swift */,
				B79C101128373DBD00D12A9F /* A3UITestsLaunchTests.swift */,
			);
			path = A3UITests;
			sourceTree = "<group>";
		};
/* End PBXGroup section */

/* Begin PBXNativeTarget section */
		B79C0FEA28373DA800D12A9F /* A3 */ = {
			isa = PBXNativeTarget;
			buildConfigurationList = B79C101528373DBD00D12A9F /* Build configuration list for PBXNativeTarget "A3" */;
			buildPhases = (
				B79C0FE728373DA800D12A9F /* Sources */,
				B79C0FE828373DA800D12A9F /* Frameworks */,
				B79C0FE928373DA800D12A9F /* Resources */,
			);
			buildRules = (
			);
			dependencies = (
			);
			name = A3;
			productName = A3;
			productReference = B79C0FEB28373DA800D12A9F /* A3.app */;
			productType = "com.apple.product-type.application";
		};
		B79C100028373DBD00D12A9F /* A3Tests */ = {
			isa = PBXNativeTarget;
			buildConfigurationList = B79C101828373DBD00D12A9F /* Build configuration list for PBXNativeTarget "A3Tests" */;
			buildPhases = (
				B79C0FFD28373DBD00D12A9F /* Sources */,
				B79C0FFE28373DBD00D12A9F /* Frameworks */,
				B79C0FFF28373DBD00D12A9F /* Resources */,
			);
			buildRules = (
			);
			dependencies = (
				B79C100328373DBD00D12A9F /* PBXTargetDependency */,
			);
			name = A3Tests;
			productName = A3Tests;
			productReference = B79C100128373DBD00D12A9F /* A3Tests.xctest */;
			productType = "com.apple.product-type.bundle.unit-test";
		};
		B79C100A28373DBD00D12A9F /* A3UITests */ = {
			isa = PBXNativeTarget;
			buildConfigurationList = B79C101B28373DBD00D12A9F /* Build configuration list for PBXNativeTarget "A3UITests" */;
			buildPhases = (
				B79C100728373DBD00D12A9F /* Sources */,
				B79C100828373DBD00D12A9F /* Frameworks */,
				B79C100928373DBD00D12A9F /* Resources */,
			);
			buildRules = (
			);
			dependencies = (
				B79C100D28373DBD00D12A9F /* PBXTargetDependency */,
			);
			name = A3UITests;
			productName = A3UITests;
			productReference = B79C100B28373DBD00D12A9F /* A3UITests.xctest */;
			productType = "com.apple.product-type.bundle.ui-testing";
		};
/* End PBXNativeTarget section */

/* Begin PBXProject section */
		B79C0FE328373DA700D12A9F /* Project object */ = {
			isa = PBXProject;
			attributes = {
				BuildIndependentTargetsInParallel = 1;
				LastSwiftUpdateCheck = 1320;
				LastUpgradeCheck = 1320;
				TargetAttributes = {
					B79C0FEA28373DA800D12A9F = {
						CreatedOnToolsVersion = 13.2.1;
					};
					B79C100028373DBD00D12A9F = {
						CreatedOnToolsVersion = 13.2.1;
						TestTargetID = B79C0FEA28373DA800D12A9F;
					};
					B79C100A28373DBD00D12A9F = {
						CreatedOnToolsVersion = 13.2.1;
						TestTargetID = B79C0FEA28373DA800D12A9F;
					};
				};
			};
			buildConfigurationList = B79C0FE628373DA700D12A9F /* Build configuration list for PBXProject "A3" */;
			compatibilityVersion = "Xcode 13.0";
			developmentRegion = en;
			hasScannedForEncodings = 0;
			knownRegions = (
				en,
				Base,
			);
			mainGroup = B79C0FE228373DA700D12A9F;
			productRefGroup = B79C0FEC28373DA800D12A9F /* Products */;
			projectDirPath = "";
			projectRoot = "";
			targets = (
				B79C0FEA28373DA800D12A9F /* A3 */,
				B79C100028373DBD00D12A9F /* A3Tests */,
				B79C100A28373DBD00D12A9F /* A3UITests */,
			);
		};
/* End PBXProject section */

/* Begin PBXResourcesBuildPhase section */
		B79C0FE928373DA800D12A9F /* Resources */ = {
			isa = PBXResourcesBuildPhase;
			buildActionMask = 2147483647;
			files = (
				B79C0FFB28373DBC00D12A9F /* LaunchScreen.storyboard in Resources */,
				B79C0FF828373DBC00D12A9F /* Assets.xcassets in Resources */,
				B79C0FF628373DA800D12A9F /* Main.storyboard in Resources */,
			);
			runOnlyForDeploymentPostprocessing = 0;
		};
		B79C0FFF28373DBD00D12A9F /* Resources */ = {
			isa = PBXResourcesBuildPhase;
			buildActionMask = 2147483647;
			files = (
			);
			runOnlyForDeploymentPostprocessing = 0;
		};
		B79C100928373DBD00D12A9F /* Resources */ = {
			isa = PBXResourcesBuildPhase;
			buildActionMask = 2147483647;
			files = (
			);
			runOnlyForDeploymentPostprocessing = 0;
		};
/* End PBXResourcesBuildPhase section */

/* Begin PBXSourcesBuildPhase section */
		B79C0FE728373DA800D12A9F /* Sources */ = {
			isa = PBXSourcesBuildPhase;
			buildActionMask = 2147483647;
			files = (
				B79C0FF328373DA800D12A9F /* ViewController.swift in Sources */,
				B79C0FEF28373DA800D12A9F /* AppDelegate.swift in Sources */,
				B79C0FF128373DA800D12A9F /* SceneDelegate.swift in Sources */,
			);
			runOnlyForDeploymentPostprocessing = 0;
		};
		B79C0FFD28373DBD00D12A9F /* Sources */ = {
			isa = PBXSourcesBuildPhase;
			buildActionMask = 2147483647;
			files = (
				B79C100628373DBD00D12A9F /* A3Tests.swift in Sources */,
			);
			runOnlyForDeploymentPostprocessing = 0;
		};
		B79C100728373DBD00D12A9F /* Sources */ = {
			isa = PBXSourcesBuildPhase;
			buildActionMask = 2147483647;
			files = (
				B79C101228373DBD00D12A9F /* A3UITestsLaunchTests.swift in Sources */,
				B79C101028373DBD00D12A9F /* A3UITests.swift in Sources */,
			);
			runOnlyForDeploymentPostprocessing = 0;
		};
/* End PBXSourcesBuildPhase section */

/* Begin PBXTargetDependency section */
		B79C100328373DBD00D12A9F /* PBXTargetDependency */ = {
			isa = PBXTargetDependency;
			target = B79C0FEA28373DA800D12A9F /* A3 */;
			targetProxy = B79C100228373DBD00D12A9F /* PBXContainerItemProxy */;
		};
		B79C100D28373DBD00D12A9F /* PBXTargetDependency */ = {
			isa = PBXTargetDependency;
			target = B79C0FEA28373DA800D12A9F /* A3 */;
			targetProxy = B79C100C28373DBD00D12A9F /* PBXContainerItemProxy */;
		};
/* End PBXTargetDependency section */

/* Begin PBXVariantGroup section */
		B79C0FF428373DA800D12A9F /* Main.storyboard */ = {
			isa = PBXVariantGroup;
			children = (
				B79C0FF528373DA800D12A9F /* Base */,
			);
			name = Main.storyboard;
			sourceTree = "<group>";
		};
		B79C0FF928373DBC00D12A9F /* LaunchScreen.storyboard */ = {
			isa = PBXVariantGroup;
			children = (
				B79C0FFA28373DBC00D12A9F /* Base */,
			);
			name = LaunchScreen.storyboard;
			sourceTree = "<group>";
		};
/* End PBXVariantGroup section */

/* Begin XCBuildConfiguration section */
		B79C101328373DBD00D12A9F /* Debug */ = {
			isa = XCBuildConfiguration;
			buildSettings = {
				ALWAYS_SEARCH_USER_PATHS = NO;
				CLANG_ANALYZER_NONNULL = YES;
				CLANG_ANALYZER_NUMBER_OBJECT_CONVERSION = YES_AGGRESSIVE;
				CLANG_CXX_LANGUAGE_STANDARD = "gnu++17";
				CLANG_CXX_LIBRARY = "libc++";
				CLANG_ENABLE_MODULES = YES;
				CLANG_ENABLE_OBJC_ARC = YES;
				CLANG_ENABLE_OBJC_WEAK = YES;
				CLANG_WARN_BLOCK_CAPTURE_AUTORELEASING = YES;
				CLANG_WARN_BOOL_CONVERSION = YES;
				CLANG_WARN_COMMA = YES;
				CLANG_WARN_CONSTANT_CONVERSION = YES;
				CLANG_WARN_DEPRECATED_OBJC_IMPLEMENTATIONS = YES;
				CLANG_WARN_DIRECT_OBJC_ISA_USAGE = YES_ERROR;
				CLANG_WARN_DOCUMENTATION_COMMENTS = YES;
				CLANG_WARN_EMPTY_BODY = YES;
				CLANG_WARN_ENUM_CONVERSION = YES;
				CLANG_WARN_INFINITE_RECURSION = YES;
				CLANG_WARN_INT_CONVERSION = YES;
				CLANG_WARN_NON_LITERAL_NULL_CONVERSION = YES;
				CLANG_WARN_OBJC_IMPLICIT_RETAIN_SELF = YES;
				CLANG_WARN_OBJC_LITERAL_CONVERSION = YES;
				CLANG_WARN_OBJC_ROOT_CLASS = YES_ERROR;
				CLANG_WARN_QUOTED_INCLUDE_IN_FRAMEWORK_HEADER = YES;
				CLANG_WARN_RANGE_LOOP_ANALYSIS = YES;
				CLANG_WARN_STRICT_PROTOTYPES = YES;
				CLANG_WARN_SUSPICIOUS_MOVE = YES;
				CLANG_WARN_UNGUARDED_AVAILABILITY = YES_AGGRESSIVE;
				CLANG_WARN_UNREACHABLE_CODE = YES;
				CLANG_WARN__DUPLICATE_METHOD_MATCH = YES;
				COPY_PHASE_STRIP = NO;
				DEBUG_INFORMATION_FORMAT = dwarf;
				ENABLE_STRICT_OBJC_MSGSEND = YES;
				ENABLE_TESTABILITY = YES;
				GCC_C_LANGUAGE_STANDARD = gnu11;
				GCC_DYNAMIC_NO_PIC = NO;
				GCC_NO_COMMON_BLOCKS = YES;
				GCC_OPTIMIZATION_LEVEL = 0;
				GCC_PREPROCESSOR_DEFINITIONS = (
					"DEBUG=1",
					"$(inherited)",
				);
				GCC_WARN_64_TO_32_BIT_CONVERSION = YES;
				GCC_WARN_ABOUT_RETURN_TYPE = YES_ERROR;
				GCC_WARN_UNDECLARED_SELECTOR = YES;
				GCC_WARN_UNINITIALIZED_AUTOS = YES_AGGRESSIVE;
				GCC_WARN_UNUSED_FUNCTION = YES;
				GCC_WARN_UNUSED_VARIABLE = YES;
				IPHONEOS_DEPLOYMENT_TARGET = 15.2;
				MTL_ENABLE_DEBUG_INFO = INCLUDE_SOURCE;
				MTL_FAST_MATH = YES;
				ONLY_ACTIVE_ARCH = YES;
				SDKROOT = iphoneos;
				SWIFT_ACTIVE_COMPILATION_CONDITIONS = DEBUG;
				SWIFT_OPTIMIZATION_LEVEL = "-Onone";
			};
			name = Debug;
		};
		B79C101428373DBD00D12A9F /* Release */ = {
			isa = XCBuildConfiguration;
			buildSettings = {
				ALWAYS_SEARCH_USER_PATHS = NO;
				CLANG_ANALYZER_NONNULL = YES;
				CLANG_ANALYZER_NUMBER_OBJECT_CONVERSION = YES_AGGRESSIVE;
				CLANG_CXX_LANGUAGE_STANDARD = "gnu++17";
				CLANG_CXX_LIBRARY = "libc++";
				CLANG_ENABLE_MODULES = YES;
				CLANG_ENABLE_OBJC_ARC = YES;
				CLANG_ENABLE_OBJC_WEAK = YES;
				CLANG_WARN_BLOCK_CAPTURE_AUTORELEASING = YES;
				CLANG_WARN_BOOL_CONVERSION = YES;
				CLANG_WARN_COMMA = YES;
				CLANG_WARN_CONSTANT_CONVERSION = YES;
				CLANG_WARN_DEPRECATED_OBJC_IMPLEMENTATIONS = YES;
				CLANG_WARN_DIRECT_OBJC_ISA_USAGE = YES_ERROR;
				CLANG_WARN_DOCUMENTATION_COMMENTS = YES;
				CLANG_WARN_EMPTY_BODY = YES;
				CLANG_WARN_ENUM_CONVERSION = YES;
				CLANG_WARN_INFINITE_RECURSION = YES;
				CLANG_WARN_INT_CONVERSION = YES;
				CLANG_WARN_NON_LITERAL_NULL_CONVERSION = YES;
				CLANG_WARN_OBJC_IMPLICIT_RETAIN_SELF = YES;
				CLANG_WARN_OBJC_LITERAL_CONVERSION = YES;
				CLANG_WARN_OBJC_ROOT_CLASS = YES_ERROR;
				CLANG_WARN_QUOTED_INCLUDE_IN_FRAMEWORK_HEADER = YES;
				CLANG_WARN_RANGE_LOOP_ANALYSIS = YES;
				CLANG_WARN_STRICT_PROTOTYPES = YES;
				CLANG_WARN_SUSPICIOUS_MOVE = YES;
				CLANG_WARN_UNGUARDED_AVAILABILITY = YES_AGGRESSIVE;
				CLANG_WARN_UNREACHABLE_CODE = YES;
				CLANG_WARN__DUPLICATE_METHOD_MATCH = YES;
				COPY_PHASE_STRIP = NO;
				DEBUG_INFORMATION_FORMAT = "dwarf-with-dsym";
				ENABLE_NS_ASSERTIONS = NO;
				ENABLE_STRICT_OBJC_MSGSEND = YES;
				GCC_C_LANGUAGE_STANDARD = gnu11;
				GCC_NO_COMMON_BLOCKS = YES;
				GCC_WARN_64_TO_32_BIT_CONVERSION = YES;
				GCC_WARN_ABOUT_RETURN_TYPE = YES_ERROR;
				GCC_WARN_UNDECLARED_SELECTOR = YES;
				GCC_WARN_UNINITIALIZED_AUTOS = YES_AGGRESSIVE;
				GCC_WARN_UNUSED_FUNCTION = YES;
				GCC_WARN_UNUSED_VARIABLE = YES;
				IPHONEOS_DEPLOYMENT_TARGET = 15.2;
				MTL_ENABLE_DEBUG_INFO = NO;
				MTL_FAST_MATH = YES;
				SDKROOT = iphoneos;
				SWIFT_COMPILATION_MODE = wholemodule;
				SWIFT_OPTIMIZATION_LEVEL = "-O";
				VALIDATE_PRODUCT = YES;
			};
			name = Release;
		};
		B79C101628373DBD00D12A9F /* Debug */ = {
			isa = XCBuildConfiguration;
			buildSettings = {
				ASSETCATALOG_COMPILER_APPICON_NAME = AppIcon;
				ASSETCATALOG_COMPILER_GLOBAL_ACCENT_COLOR_NAME = AccentColor;
				CODE_SIGN_STYLE = Automatic;
				CURRENT_PROJECT_VERSION = 1;
				DEVELOPMENT_TEAM = E442343PK7;
				GENERATE_INFOPLIST_FILE = YES;
				INFOPLIST_FILE = A3/Info.plist;
				INFOPLIST_KEY_UIApplicationSupportsIndirectInputEvents = YES;
				INFOPLIST_KEY_UILaunchStoryboardName = LaunchScreen;
				INFOPLIST_KEY_UIMainStoryboardFile = Main;
				INFOPLIST_KEY_UISupportedInterfaceOrientations_iPad = "UIInterfaceOrientationPortrait UIInterfaceOrientationPortraitUpsideDown UIInterfaceOrientationLandscapeLeft UIInterfaceOrientationLandscapeRight";
				INFOPLIST_KEY_UISupportedInterfaceOrientations_iPhone = "UIInterfaceOrientationPortrait UIInterfaceOrientationLandscapeLeft UIInterfaceOrientationLandscapeRight";
				LD_RUNPATH_SEARCH_PATHS = (
					"$(inherited)",
					"@executable_path/Frameworks",
				);
				MARKETING_VERSION = 1.0;
				PRODUCT_BUNDLE_IDENTIFIER = "Harry-Benn.A3";
				PRODUCT_NAME = "$(TARGET_NAME)";
				SWIFT_EMIT_LOC_STRINGS = YES;
				SWIFT_VERSION = 5.0;
				TARGETED_DEVICE_FAMILY = "1,2";
			};
			name = Debug;
		};
		B79C101728373DBD00D12A9F /* Release */ = {
			isa = XCBuildConfiguration;
			buildSettings = {
				ASSETCATALOG_COMPILER_APPICON_NAME = AppIcon;
				ASSETCATALOG_COMPILER_GLOBAL_ACCENT_COLOR_NAME = AccentColor;
				CODE_SIGN_STYLE = Automatic;
				CURRENT_PROJECT_VERSION = 1;
				DEVELOPMENT_TEAM = E442343PK7;
				GENERATE_INFOPLIST_FILE = YES;
				INFOPLIST_FILE = A3/Info.plist;
				INFOPLIST_KEY_UIApplicationSupportsIndirectInputEvents = YES;
				INFOPLIST_KEY_UILaunchStoryboardName = LaunchScreen;
				INFOPLIST_KEY_UIMainStoryboardFile = Main;
				INFOPLIST_KEY_UISupportedInterfaceOrientations_iPad = "UIInterfaceOrientationPortrait UIInterfaceOrientationPortraitUpsideDown UIInterfaceOrientationLandscapeLeft UIInterfaceOrientationLandscapeRight";
				INFOPLIST_KEY_UISupportedInterfaceOrientations_iPhone = "UIInterfaceOrientationPortrait UIInterfaceOrientationLandscapeLeft UIInterfaceOrientationLandscapeRight";
				LD_RUNPATH_SEARCH_PATHS = (
					"$(inherited)",
					"@executable_path/Frameworks",
				);
				MARKETING_VERSION = 1.0;
				PRODUCT_BUNDLE_IDENTIFIER = "Harry-Benn.A3";
				PRODUCT_NAME = "$(TARGET_NAME)";
				SWIFT_EMIT_LOC_STRINGS = YES;
				SWIFT_VERSION = 5.0;
				TARGETED_DEVICE_FAMILY = "1,2";
			};
			name = Release;
		};
		B79C101928373DBD00D12A9F /* Debug */ = {
			isa = XCBuildConfiguration;
			buildSettings = {
				ALWAYS_EMBED_SWIFT_STANDARD_LIBRARIES = YES;
				BUNDLE_LOADER = "$(TEST_HOST)";
				CODE_SIGN_STYLE = Automatic;
				CURRENT_PROJECT_VERSION = 1;
				DEVELOPMENT_TEAM = E442343PK7;
				GENERATE_INFOPLIST_FILE = YES;
				IPHONEOS_DEPLOYMENT_TARGET = 15.2;
				MARKETING_VERSION = 1.0;
				PRODUCT_BUNDLE_IDENTIFIER = "Harry-Benn.A3Tests";
				PRODUCT_NAME = "$(TARGET_NAME)";
				SWIFT_EMIT_LOC_STRINGS = NO;
				SWIFT_VERSION = 5.0;
				TARGETED_DEVICE_FAMILY = "1,2";
				TEST_HOST = "$(BUILT_PRODUCTS_DIR)/A3.app/A3";
			};
			name = Debug;
		};
		B79C101A28373DBD00D12A9F /* Release */ = {
			isa = XCBuildConfiguration;
			buildSettings = {
				ALWAYS_EMBED_SWIFT_STANDARD_LIBRARIES = YES;
				BUNDLE_LOADER = "$(TEST_HOST)";
				CODE_SIGN_STYLE = Automatic;
				CURRENT_PROJECT_VERSION = 1;
				DEVELOPMENT_TEAM = E442343PK7;
				GENERATE_INFOPLIST_FILE = YES;
				IPHONEOS_DEPLOYMENT_TARGET = 15.2;
				MARKETING_VERSION = 1.0;
				PRODUCT_BUNDLE_IDENTIFIER = "Harry-Benn.A3Tests";
				PRODUCT_NAME = "$(TARGET_NAME)";
				SWIFT_EMIT_LOC_STRINGS = NO;
				SWIFT_VERSION = 5.0;
				TARGETED_DEVICE_FAMILY = "1,2";
				TEST_HOST = "$(BUILT_PRODUCTS_DIR)/A3.app/A3";
			};
			name = Release;
		};
		B79C101C28373DBD00D12A9F /* Debug */ = {
			isa = XCBuildConfiguration;
			buildSettings = {
				ALWAYS_EMBED_SWIFT_STANDARD_LIBRARIES = YES;
				CODE_SIGN_STYLE = Automatic;
				CURRENT_PROJECT_VERSION = 1;
				DEVELOPMENT_TEAM = E442343PK7;
				GENERATE_INFOPLIST_FILE = YES;
				MARKETING_VERSION = 1.0;
				PRODUCT_BUNDLE_IDENTIFIER = "Harry-Benn.A3UITests";
				PRODUCT_NAME = "$(TARGET_NAME)";
				SWIFT_EMIT_LOC_STRINGS = NO;
				SWIFT_VERSION = 5.0;
				TARGETED_DEVICE_FAMILY = "1,2";
				TEST_TARGET_NAME = A3;
			};
			name = Debug;
		};
		B79C101D28373DBD00D12A9F /* Release */ = {
			isa = XCBuildConfiguration;
			buildSettings = {
				ALWAYS_EMBED_SWIFT_STANDARD_LIBRARIES = YES;
				CODE_SIGN_STYLE = Automatic;
				CURRENT_PROJECT_VERSION = 1;
				DEVELOPMENT_TEAM = E442343PK7;
				GENERATE_INFOPLIST_FILE = YES;
				MARKETING_VERSION = 1.0;
				PRODUCT_BUNDLE_IDENTIFIER = "Harry-Benn.A3UITests";
				PRODUCT_NAME = "$(TARGET_NAME)";
				SWIFT_EMIT_LOC_STRINGS = NO;
				SWIFT_VERSION = 5.0;
				TARGETED_DEVICE_FAMILY = "1,2";
				TEST_TARGET_NAME = A3;
			};
			name = Release;
		};
/* End XCBuildConfiguration section */

/* Begin XCConfigurationList section */
		B79C0FE628373DA700D12A9F /* Build configuration list for PBXProject "A3" */ = {
			isa = XCConfigurationList;
			buildConfigurations = (
				B79C101328373DBD00D12A9F /* Debug */,
				B79C101428373DBD00D12A9F /* Release */,
			);
			defaultConfigurationIsVisible = 0;
			defaultConfigurationName = Release;
		};
		B79C101528373DBD00D12A9F /* Build configuration list for PBXNativeTarget "A3" */ = {
			isa = XCConfigurationList;
			buildConfigurations = (
				B79C101628373DBD00D12A9F /* Debug */,
				B79C101728373DBD00D12A9F /* Release */,
			);
			defaultConfigurationIsVisible = 0;
			defaultConfigurationName = Release;
		};
		B79C101828373DBD00D12A9F /* Build configuration list for PBXNativeTarget "A3Tests" */ = {
			isa = XCConfigurationList;
			buildConfigurations = (
				B79C101928373DBD00D12A9F /* Debug */,
				B79C101A28373DBD00D12A9F /* Release */,
			);
			defaultConfigurationIsVisible = 0;
			defaultConfigurationName = Release;
		};
		B79C101B28373DBD00D12A9F /* Build configuration list for PBXNativeTarget "A3UITests" */ = {
			isa = XCConfigurationList;
			buildConfigurations = (
				B79C101C28373DBD00D12A9F /* Debug */,
				B79C101D28373DBD00D12A9F /* Release */,
			);
			defaultConfigurationIsVisible = 0;
			defaultConfigurationName = Release;
		};
/* End XCConfigurationList section */
	};
	rootObject = B79C0FE328373DA700D12A9F /* Project object */;
}
